
Microsoft Visual Studio Solution File, Format Version 12.00
# Visual Studio 15
VisualStudioVersion = 15.0.28010.2036
MinimumVisualStudioVersion = 10.0.40219.1
Project("{2150E333-8FDC-42A3-9474-1A3956D46DE8}") = "src", "src", "{DEC58E88-FEB7-46F0-952C-136EF7ED9657}"
EndProject
Project("{2150E333-8FDC-42A3-9474-1A3956D46DE8}") = "Domain", "Domain", "{D1DAD65C-E4B7-4C19-8CC0-4AD730514E94}"
EndProject
Project("{2150E333-8FDC-42A3-9474-1A3956D46DE8}") = "Web", "Web", "{679516DB-C419-47DD-BCD1-F0A689C5EFDE}"
EndProject
Project("{2150E333-8FDC-42A3-9474-1A3956D46DE8}") = "Infraestructure", "Infraestructure", "{51F9F0AF-6CB6-4E96-9557-777993584964}"
EndProject
Project("{9A19103F-16F7-4668-BE54-9A1E7A4F7556}") = "TravelExpress.Resources", "TravelExpress.Resources\TravelExpress.Resources.csproj", "{09B60886-3EB6-40BF-80DA-E7C9E90FED97}"
EndProject
Project("{9A19103F-16F7-4668-BE54-9A1E7A4F7556}") = "TravelExpress.Domain", "TravelExpress.Domain\TravelExpress.Domain.csproj", "{8640B969-73BD-4DEA-B523-3CA829166669}"
EndProject
Project("{9A19103F-16F7-4668-BE54-9A1E7A4F7556}") = "TravelExpress.Enums", "TravelExpress.Enums\TravelExpress.Enums.csproj", "{34F25BD4-3D3E-4DE8-811F-34AF5198B7C8}"
EndProject
Project("{9A19103F-16F7-4668-BE54-9A1E7A4F7556}") = "TravelExpress.Queries", "TravelExpress.Queries\TravelExpress.Queries.csproj", "{111843D1-E970-4EE9-B914-F6150C644374}"
EndProject
Project("{9A19103F-16F7-4668-BE54-9A1E7A4F7556}") = "TravelExpress.Domain.Sql", "TravelExpress.Domain.Sql\TravelExpress.Domain.Sql.csproj", "{AE2565D1-7A4E-4FF9-835A-B2A2470BAE13}"
EndProject
Project("{9A19103F-16F7-4668-BE54-9A1E7A4F7556}") = "TravelExpress.Queries.Sql", "TravelExpress.Queries.Sql\TravelExpress.Queries.Sql.csproj", "{575B8507-380C-4DB2-B1D4-DB482B32161C}"
EndProject
Project("{9A19103F-16F7-4668-BE54-9A1E7A4F7556}") = "TravelExpress.WebApplication", "TravelExpress.WebApplication\TravelExpress.WebApplication.csproj", "{2E595375-2159-4551-AC00-758C1AB5DDC0}"
EndProject
Project("{2150E333-8FDC-42A3-9474-1A3956D46DE8}") = "Shared", "Shared", "{4603C878-C0AD-477A-95A6-BDA99D247DB2}"
EndProject
Project("{9A19103F-16F7-4668-BE54-9A1E7A4F7556}") = "TravelExpress.Entities", "TravelExpress.Entities\TravelExpress.Entities.csproj", "{65ED3B70-7E9F-4418-831A-08DC8A3575B7}"
EndProject
Project("{FAE04EC0-301F-11D3-BF4B-00C04F79EFBC}") = "TravelExpenses.SharedFramework", "TravelExpenses.SharedFramework\TravelExpenses.SharedFramework.csproj", "{D8D6831C-B582-4A2E-A79E-983EB3651FEF}"
EndProject
Global
	GlobalSection(SolutionConfigurationPlatforms) = preSolution
		Debug|Any CPU = Debug|Any CPU
		Release|Any CPU = Release|Any CPU
	EndGlobalSection
	GlobalSection(ProjectConfigurationPlatforms) = postSolution
		{09B60886-3EB6-40BF-80DA-E7C9E90FED97}.Debug|Any CPU.ActiveCfg = Debug|Any CPU
		{09B60886-3EB6-40BF-80DA-E7C9E90FED97}.Debug|Any CPU.Build.0 = Debug|Any CPU
		{09B60886-3EB6-40BF-80DA-E7C9E90FED97}.Release|Any CPU.ActiveCfg = Release|Any CPU
		{09B60886-3EB6-40BF-80DA-E7C9E90FED97}.Release|Any CPU.Build.0 = Release|Any CPU
		{8640B969-73BD-4DEA-B523-3CA829166669}.Debug|Any CPU.ActiveCfg = Debug|Any CPU
		{8640B969-73BD-4DEA-B523-3CA829166669}.Debug|Any CPU.Build.0 = Debug|Any CPU
		{8640B969-73BD-4DEA-B523-3CA829166669}.Release|Any CPU.ActiveCfg = Release|Any CPU
		{8640B969-73BD-4DEA-B523-3CA829166669}.Release|Any CPU.Build.0 = Release|Any CPU
		{34F25BD4-3D3E-4DE8-811F-34AF5198B7C8}.Debug|Any CPU.ActiveCfg = Debug|Any CPU
		{34F25BD4-3D3E-4DE8-811F-34AF5198B7C8}.Debug|Any CPU.Build.0 = Debug|Any CPU
		{34F25BD4-3D3E-4DE8-811F-34AF5198B7C8}.Release|Any CPU.ActiveCfg = Release|Any CPU
		{34F25BD4-3D3E-4DE8-811F-34AF5198B7C8}.Release|Any CPU.Build.0 = Release|Any CPU
		{111843D1-E970-4EE9-B914-F6150C644374}.Debug|Any CPU.ActiveCfg = Debug|Any CPU
		{111843D1-E970-4EE9-B914-F6150C644374}.Debug|Any CPU.Build.0 = Debug|Any CPU
		{111843D1-E970-4EE9-B914-F6150C644374}.Release|Any CPU.ActiveCfg = Release|Any CPU
		{111843D1-E970-4EE9-B914-F6150C644374}.Release|Any CPU.Build.0 = Release|Any CPU
		{AE2565D1-7A4E-4FF9-835A-B2A2470BAE13}.Debug|Any CPU.ActiveCfg = Debug|Any CPU
		{AE2565D1-7A4E-4FF9-835A-B2A2470BAE13}.Debug|Any CPU.Build.0 = Debug|Any CPU
		{AE2565D1-7A4E-4FF9-835A-B2A2470BAE13}.Release|Any CPU.ActiveCfg = Release|Any CPU
		{AE2565D1-7A4E-4FF9-835A-B2A2470BAE13}.Release|Any CPU.Build.0 = Release|Any CPU
		{575B8507-380C-4DB2-B1D4-DB482B32161C}.Debug|Any CPU.ActiveCfg = Debug|Any CPU
		{575B8507-380C-4DB2-B1D4-DB482B32161C}.Debug|Any CPU.Build.0 = Debug|Any CPU
		{575B8507-380C-4DB2-B1D4-DB482B32161C}.Release|Any CPU.ActiveCfg = Release|Any CPU
		{575B8507-380C-4DB2-B1D4-DB482B32161C}.Release|Any CPU.Build.0 = Release|Any CPU
		{2E595375-2159-4551-AC00-758C1AB5DDC0}.Debug|Any CPU.ActiveCfg = Debug|Any CPU
		{2E595375-2159-4551-AC00-758C1AB5DDC0}.Debug|Any CPU.Build.0 = Debug|Any CPU
		{2E595375-2159-4551-AC00-758C1AB5DDC0}.Release|Any CPU.ActiveCfg = Release|Any CPU
		{2E595375-2159-4551-AC00-758C1AB5DDC0}.Release|Any CPU.Build.0 = Release|Any CPU
		{65ED3B70-7E9F-4418-831A-08DC8A3575B7}.Debug|Any CPU.ActiveCfg = Debug|Any CPU
		{65ED3B70-7E9F-4418-831A-08DC8A3575B7}.Debug|Any CPU.Build.0 = Debug|Any CPU
		{65ED3B70-7E9F-4418-831A-08DC8A3575B7}.Release|Any CPU.ActiveCfg = Release|Any CPU
		{65ED3B70-7E9F-4418-831A-08DC8A3575B7}.Release|Any CPU.Build.0 = Release|Any CPU
		{D8D6831C-B582-4A2E-A79E-983EB3651FEF}.Debug|Any CPU.ActiveCfg = Debug|Any CPU
		{D8D6831C-B582-4A2E-A79E-983EB3651FEF}.Debug|Any CPU.Build.0 = Debug|Any CPU
		{D8D6831C-B582-4A2E-A79E-983EB3651FEF}.Release|Any CPU.ActiveCfg = Release|Any CPU
		{D8D6831C-B582-4A2E-A79E-983EB3651FEF}.Release|Any CPU.Build.0 = Release|Any CPU
	EndGlobalSection
	GlobalSection(SolutionProperties) = preSolution
		HideSolutionNode = FALSE
	EndGlobalSection
	GlobalSection(NestedProjects) = preSolution
		{D1DAD65C-E4B7-4C19-8CC0-4AD730514E94} = {DEC58E88-FEB7-46F0-952C-136EF7ED9657}
		{679516DB-C419-47DD-BCD1-F0A689C5EFDE} = {DEC58E88-FEB7-46F0-952C-136EF7ED9657}
		{51F9F0AF-6CB6-4E96-9557-777993584964} = {DEC58E88-FEB7-46F0-952C-136EF7ED9657}
		{09B60886-3EB6-40BF-80DA-E7C9E90FED97} = {4603C878-C0AD-477A-95A6-BDA99D247DB2}
		{8640B969-73BD-4DEA-B523-3CA829166669} = {D1DAD65C-E4B7-4C19-8CC0-4AD730514E94}
		{34F25BD4-3D3E-4DE8-811F-34AF5198B7C8} = {4603C878-C0AD-477A-95A6-BDA99D247DB2}
		{111843D1-E970-4EE9-B914-F6150C644374} = {D1DAD65C-E4B7-4C19-8CC0-4AD730514E94}
		{AE2565D1-7A4E-4FF9-835A-B2A2470BAE13} = {51F9F0AF-6CB6-4E96-9557-777993584964}
		{575B8507-380C-4DB2-B1D4-DB482B32161C} = {51F9F0AF-6CB6-4E96-9557-777993584964}
		{2E595375-2159-4551-AC00-758C1AB5DDC0} = {679516DB-C419-47DD-BCD1-F0A689C5EFDE}
		{4603C878-C0AD-477A-95A6-BDA99D247DB2} = {DEC58E88-FEB7-46F0-952C-136EF7ED9657}
		{65ED3B70-7E9F-4418-831A-08DC8A3575B7} = {4603C878-C0AD-477A-95A6-BDA99D247DB2}
		{D8D6831C-B582-4A2E-A79E-983EB3651FEF} = {4603C878-C0AD-477A-95A6-BDA99D247DB2}
	EndGlobalSection
	GlobalSection(ExtensibilityGlobals) = postSolution
		SolutionGuid = {C2D572BE-88B2-4CCA-804C-39620D15792A}
	EndGlobalSection
EndGlobal
